
Microsoft Visual Studio Solution File, Format Version 12.00
# Visual Studio Version 17
VisualStudioVersion = 17.14.36414.22
MinimumVisualStudioVersion = 10.0.40219.1
Project("{FAE04EC0-301F-11D3-BF4B-00C04F79EFBC}") = "ConsoleCGPACalculator", "ConsoleCGPACalculator.csproj", "{C8194C74-A3DB-4FDA-BAE0-B78A09896F29}"
EndProject
Global
	GlobalSection(SolutionConfigurationPlatforms) = preSolution
		Debug|Any CPU = Debug|Any CPU
		Release|Any CPU = Release|Any CPU
	EndGlobalSection
	GlobalSection(ProjectConfigurationPlatforms) = postSolution
		{C8194C74-A3DB-4FDA-BAE0-B78A09896F29}.Debug|Any CPU.ActiveCfg = Debug|Any CPU
		{C8194C74-A3DB-4FDA-BAE0-B78A09896F29}.Debug|Any CPU.Build.0 = Debug|Any CPU
		{C8194C74-A3DB-4FDA-BAE0-B78A09896F29}.Release|Any CPU.ActiveCfg = Release|Any CPU
		{C8194C74-A3DB-4FDA-BAE0-B78A09896F29}.Release|Any CPU.Build.0 = Release|Any CPU
	EndGlobalSection
	GlobalSection(SolutionProperties) = preSolution
		HideSolutionNode = FALSE
	EndGlobalSection
	GlobalSection(ExtensibilityGlobals) = postSolution
		SolutionGuid = {3F93405E-A0C5-4A5F-860F-9CBEE31EF3A0}
	EndGlobalSection
EndGlobal
